
Microsoft Visual Studio Solution File, Format Version 12.00
# Visual Studio Version 17
VisualStudioVersion = 17.1.32421.90
MinimumVisualStudioVersion = 10.0.40219.1
Project("{FAE04EC0-301F-11D3-BF4B-00C04F79EFBC}") = "DesignPatternsSOLIDprinciples", "DesignPatternsSOLIDprinciples\DesignPatternsSOLIDprinciples.csproj", "{71F85514-70E8-4228-ADD0-80F725E67621}"
EndProject
Global
	GlobalSection(SolutionConfigurationPlatforms) = preSolution
		Debug|Any CPU = Debug|Any CPU
		Release|Any CPU = Release|Any CPU
	EndGlobalSection
	GlobalSection(ProjectConfigurationPlatforms) = postSolution
		{71F85514-70E8-4228-ADD0-80F725E67621}.Debug|Any CPU.ActiveCfg = Debug|Any CPU
		{71F85514-70E8-4228-ADD0-80F725E67621}.Debug|Any CPU.Build.0 = Debug|Any CPU
		{71F85514-70E8-4228-ADD0-80F725E67621}.Release|Any CPU.ActiveCfg = Release|Any CPU
		{71F85514-70E8-4228-ADD0-80F725E67621}.Release|Any CPU.Build.0 = Release|Any CPU
	EndGlobalSection
	GlobalSection(SolutionProperties) = preSolution
		HideSolutionNode = FALSE
	EndGlobalSection
	GlobalSection(ExtensibilityGlobals) = postSolution
		SolutionGuid = {E672EC38-36F5-40F7-8A33-AC92C50E7BC0}
	EndGlobalSection
EndGlobal
